
Microsoft Visual Studio Solution File, Format Version 12.00
# Visual Studio Version 16
VisualStudioVersion = 16.0.29215.179
MinimumVisualStudioVersion = 10.0.40219.1
Project("{9A19103F-16F7-4668-BE54-9A1E7A4F7556}") = "Kino.WebAPI", "Kino.WebAPI\Kino.WebAPI.csproj", "{9AA1EC36-0E39-4B20-8A69-13C3A1F1905A}"
EndProject
Project("{9A19103F-16F7-4668-BE54-9A1E7A4F7556}") = "Kino.Model", "Kino.Model\Kino.Model.csproj", "{76B36841-0B5B-41C6-8D1A-145BC7FD151B}"
EndProject
Project("{2150E333-8FDC-42A3-9474-1A3956D46DE8}") = "UI", "UI", "{84C9EABC-1F20-45EB-9762-5758B10AB383}"
EndProject
Project("{FAE04EC0-301F-11D3-BF4B-00C04F79EFBC}") = "Kino.WinUI", "Kino.WinUI\Kino.WinUI.csproj", "{2A1D7B7B-2004-4CE2-B396-D6398C5301D9}"
EndProject
Project("{2150E333-8FDC-42A3-9474-1A3956D46DE8}") = "Kino.Mobile", "Kino.Mobile", "{8AA0CCA6-0B29-43BD-9E07-3F77A96111B7}"
EndProject
Project("{FAE04EC0-301F-11D3-BF4B-00C04F79EFBC}") = "Kino.MobileApp.UWP", "Kino.MobileApp\Kino.MobileApp.UWP\Kino.MobileApp.UWP.csproj", "{6C645E92-6BD6-4C0B-BE18-99A51EFFA362}"
EndProject
Project("{FAE04EC0-301F-11D3-BF4B-00C04F79EFBC}") = "Kino.MobileApp.Android", "Kino.MobileApp\Kino.MobileApp.Android\Kino.MobileApp.Android.csproj", "{5D94C4CD-351C-4C86-9F74-F859F6F78D54}"
EndProject
Project("{FAE04EC0-301F-11D3-BF4B-00C04F79EFBC}") = "Kino.MobileApp.iOS", "Kino.MobileApp\Kino.MobileApp.iOS\Kino.MobileApp.iOS.csproj", "{0DBC1E71-75D3-4DF2-BB12-8F625D3F2105}"
EndProject
Project("{FAE04EC0-301F-11D3-BF4B-00C04F79EFBC}") = "Kino.MobileApp", "Kino.MobileApp\Kino.MobileApp\Kino.MobileApp.csproj", "{844F5C2D-1A6F-4B8E-96EE-915AEE379ACB}"
EndProject
Global
	GlobalSection(SolutionConfigurationPlatforms) = preSolution
		Debug|Any CPU = Debug|Any CPU
		Debug|ARM = Debug|ARM
		Debug|iPhone = Debug|iPhone
		Debug|iPhoneSimulator = Debug|iPhoneSimulator
		Debug|x64 = Debug|x64
		Debug|x86 = Debug|x86
		Release|Any CPU = Release|Any CPU
		Release|ARM = Release|ARM
		Release|iPhone = Release|iPhone
		Release|iPhoneSimulator = Release|iPhoneSimulator
		Release|x64 = Release|x64
		Release|x86 = Release|x86
	EndGlobalSection
	GlobalSection(ProjectConfigurationPlatforms) = postSolution
		{9AA1EC36-0E39-4B20-8A69-13C3A1F1905A}.Debug|Any CPU.ActiveCfg = Debug|Any CPU
		{9AA1EC36-0E39-4B20-8A69-13C3A1F1905A}.Debug|Any CPU.Build.0 = Debug|Any CPU
		{9AA1EC36-0E39-4B20-8A69-13C3A1F1905A}.Debug|ARM.ActiveCfg = Debug|Any CPU
		{9AA1EC36-0E39-4B20-8A69-13C3A1F1905A}.Debug|ARM.Build.0 = Debug|Any CPU
		{9AA1EC36-0E39-4B20-8A69-13C3A1F1905A}.Debug|iPhone.ActiveCfg = Debug|Any CPU
		{9AA1EC36-0E39-4B20-8A69-13C3A1F1905A}.Debug|iPhone.Build.0 = Debug|Any CPU
		{9AA1EC36-0E39-4B20-8A69-13C3A1F1905A}.Debug|iPhoneSimulator.ActiveCfg = Debug|Any CPU
		{9AA1EC36-0E39-4B20-8A69-13C3A1F1905A}.Debug|iPhoneSimulator.Build.0 = Debug|Any CPU
		{9AA1EC36-0E39-4B20-8A69-13C3A1F1905A}.Debug|x64.ActiveCfg = Debug|Any CPU
		{9AA1EC36-0E39-4B20-8A69-13C3A1F1905A}.Debug|x64.Build.0 = Debug|Any CPU
		{9AA1EC36-0E39-4B20-8A69-13C3A1F1905A}.Debug|x86.ActiveCfg = Debug|Any CPU
		{9AA1EC36-0E39-4B20-8A69-13C3A1F1905A}.Debug|x86.Build.0 = Debug|Any CPU
		{9AA1EC36-0E39-4B20-8A69-13C3A1F1905A}.Release|Any CPU.ActiveCfg = Release|Any CPU
		{9AA1EC36-0E39-4B20-8A69-13C3A1F1905A}.Release|Any CPU.Build.0 = Release|Any CPU
		{9AA1EC36-0E39-4B20-8A69-13C3A1F1905A}.Release|ARM.ActiveCfg = Release|Any CPU
		{9AA1EC36-0E39-4B20-8A69-13C3A1F1905A}.Release|ARM.Build.0 = Release|Any CPU
		{9AA1EC36-0E39-4B20-8A69-13C3A1F1905A}.Release|iPhone.ActiveCfg = Release|Any CPU
		{9AA1EC36-0E39-4B20-8A69-13C3A1F1905A}.Release|iPhone.Build.0 = Release|Any CPU
		{9AA1EC36-0E39-4B20-8A69-13C3A1F1905A}.Release|iPhoneSimulator.ActiveCfg = Release|Any CPU
		{9AA1EC36-0E39-4B20-8A69-13C3A1F1905A}.Release|iPhoneSimulator.Build.0 = Release|Any CPU
		{9AA1EC36-0E39-4B20-8A69-13C3A1F1905A}.Release|x64.ActiveCfg = Release|Any CPU
		{9AA1EC36-0E39-4B20-8A69-13C3A1F1905A}.Release|x64.Build.0 = Release|Any CPU
		{9AA1EC36-0E39-4B20-8A69-13C3A1F1905A}.Release|x86.ActiveCfg = Release|Any CPU
		{9AA1EC36-0E39-4B20-8A69-13C3A1F1905A}.Release|x86.Build.0 = Release|Any CPU
		{76B36841-0B5B-41C6-8D1A-145BC7FD151B}.Debug|Any CPU.ActiveCfg = Debug|Any CPU
		{76B36841-0B5B-41C6-8D1A-145BC7FD151B}.Debug|Any CPU.Build.0 = Debug|Any CPU
		{76B36841-0B5B-41C6-8D1A-145BC7FD151B}.Debug|ARM.ActiveCfg = Debug|Any CPU
		{76B36841-0B5B-41C6-8D1A-145BC7FD151B}.Debug|ARM.Build.0 = Debug|Any CPU
		{76B36841-0B5B-41C6-8D1A-145BC7FD151B}.Debug|iPhone.ActiveCfg = Debug|Any CPU
		{76B36841-0B5B-41C6-8D1A-145BC7FD151B}.Debug|iPhone.Build.0 = Debug|Any CPU
		{76B36841-0B5B-41C6-8D1A-145BC7FD151B}.Debug|iPhoneSimulator.ActiveCfg = Debug|Any CPU
		{76B36841-0B5B-41C6-8D1A-145BC7FD151B}.Debug|iPhoneSimulator.Build.0 = Debug|Any CPU
		{76B36841-0B5B-41C6-8D1A-145BC7FD151B}.Debug|x64.ActiveCfg = Debug|Any CPU
		{76B36841-0B5B-41C6-8D1A-145BC7FD151B}.Debug|x64.Build.0 = Debug|Any CPU
		{76B36841-0B5B-41C6-8D1A-145BC7FD151B}.Debug|x86.ActiveCfg = Debug|Any CPU
		{76B36841-0B5B-41C6-8D1A-145BC7FD151B}.Debug|x86.Build.0 = Debug|Any CPU
		{76B36841-0B5B-41C6-8D1A-145BC7FD151B}.Release|Any CPU.ActiveCfg = Release|Any CPU
		{76B36841-0B5B-41C6-8D1A-145BC7FD151B}.Release|Any CPU.Build.0 = Release|Any CPU
		{76B36841-0B5B-41C6-8D1A-145BC7FD151B}.Release|ARM.ActiveCfg = Release|Any CPU
		{76B36841-0B5B-41C6-8D1A-145BC7FD151B}.Release|ARM.Build.0 = Release|Any CPU
		{76B36841-0B5B-41C6-8D1A-145BC7FD151B}.Release|iPhone.ActiveCfg = Release|Any CPU
		{76B36841-0B5B-41C6-8D1A-145BC7FD151B}.Release|iPhone.Build.0 = Release|Any CPU
		{76B36841-0B5B-41C6-8D1A-145BC7FD151B}.Release|iPhoneSimulator.ActiveCfg = Release|Any CPU
		{76B36841-0B5B-41C6-8D1A-145BC7FD151B}.Release|iPhoneSimulator.Build.0 = Release|Any CPU
		{76B36841-0B5B-41C6-8D1A-145BC7FD151B}.Release|x64.ActiveCfg = Release|Any CPU
		{76B36841-0B5B-41C6-8D1A-145BC7FD151B}.Release|x64.Build.0 = Release|Any CPU
		{76B36841-0B5B-41C6-8D1A-145BC7FD151B}.Release|x86.ActiveCfg = Release|Any CPU
		{76B36841-0B5B-41C6-8D1A-145BC7FD151B}.Release|x86.Build.0 = Release|Any CPU
		{2A1D7B7B-2004-4CE2-B396-D6398C5301D9}.Debug|Any CPU.ActiveCfg = Debug|Any CPU
		{2A1D7B7B-2004-4CE2-B396-D6398C5301D9}.Debug|Any CPU.Build.0 = Debug|Any CPU
		{2A1D7B7B-2004-4CE2-B396-D6398C5301D9}.Debug|ARM.ActiveCfg = Debug|Any CPU
		{2A1D7B7B-2004-4CE2-B396-D6398C5301D9}.Debug|ARM.Build.0 = Debug|Any CPU
		{2A1D7B7B-2004-4CE2-B396-D6398C5301D9}.Debug|iPhone.ActiveCfg = Debug|Any CPU
		{2A1D7B7B-2004-4CE2-B396-D6398C5301D9}.Debug|iPhone.Build.0 = Debug|Any CPU
		{2A1D7B7B-2004-4CE2-B396-D6398C5301D9}.Debug|iPhoneSimulator.ActiveCfg = Debug|Any CPU
		{2A1D7B7B-2004-4CE2-B396-D6398C5301D9}.Debug|iPhoneSimulator.Build.0 = Debug|Any CPU
		{2A1D7B7B-2004-4CE2-B396-D6398C5301D9}.Debug|x64.ActiveCfg = Debug|Any CPU
		{2A1D7B7B-2004-4CE2-B396-D6398C5301D9}.Debug|x64.Build.0 = Debug|Any CPU
		{2A1D7B7B-2004-4CE2-B396-D6398C5301D9}.Debug|x86.ActiveCfg = Debug|Any CPU
		{2A1D7B7B-2004-4CE2-B396-D6398C5301D9}.Debug|x86.Build.0 = Debug|Any CPU
		{2A1D7B7B-2004-4CE2-B396-D6398C5301D9}.Release|Any CPU.ActiveCfg = Release|Any CPU
		{2A1D7B7B-2004-4CE2-B396-D6398C5301D9}.Release|Any CPU.Build.0 = Release|Any CPU
		{2A1D7B7B-2004-4CE2-B396-D6398C5301D9}.Release|ARM.ActiveCfg = Release|Any CPU
		{2A1D7B7B-2004-4CE2-B396-D6398C5301D9}.Release|ARM.Build.0 = Release|Any CPU
		{2A1D7B7B-2004-4CE2-B396-D6398C5301D9}.Release|iPhone.ActiveCfg = Release|Any CPU
		{2A1D7B7B-2004-4CE2-B396-D6398C5301D9}.Release|iPhone.Build.0 = Release|Any CPU
		{2A1D7B7B-2004-4CE2-B396-D6398C5301D9}.Release|iPhoneSimulator.ActiveCfg = Release|Any CPU
		{2A1D7B7B-2004-4CE2-B396-D6398C5301D9}.Release|iPhoneSimulator.Build.0 = Release|Any CPU
		{2A1D7B7B-2004-4CE2-B396-D6398C5301D9}.Release|x64.ActiveCfg = Release|Any CPU
		{2A1D7B7B-2004-4CE2-B396-D6398C5301D9}.Release|x64.Build.0 = Release|Any CPU
		{2A1D7B7B-2004-4CE2-B396-D6398C5301D9}.Release|x86.ActiveCfg = Release|Any CPU
		{2A1D7B7B-2004-4CE2-B396-D6398C5301D9}.Release|x86.Build.0 = Release|Any CPU
		{6C645E92-6BD6-4C0B-BE18-99A51EFFA362}.Debug|Any CPU.ActiveCfg = Debug|x86
		{6C645E92-6BD6-4C0B-BE18-99A51EFFA362}.Debug|ARM.ActiveCfg = Debug|ARM
		{6C645E92-6BD6-4C0B-BE18-99A51EFFA362}.Debug|ARM.Build.0 = Debug|ARM
		{6C645E92-6BD6-4C0B-BE18-99A51EFFA362}.Debug|ARM.Deploy.0 = Debug|ARM
		{6C645E92-6BD6-4C0B-BE18-99A51EFFA362}.Debug|iPhone.ActiveCfg = Debug|x86
		{6C645E92-6BD6-4C0B-BE18-99A51EFFA362}.Debug|iPhoneSimulator.ActiveCfg = Debug|x86
		{6C645E92-6BD6-4C0B-BE18-99A51EFFA362}.Debug|x64.ActiveCfg = Debug|x64
		{6C645E92-6BD6-4C0B-BE18-99A51EFFA362}.Debug|x64.Build.0 = Debug|x64
		{6C645E92-6BD6-4C0B-BE18-99A51EFFA362}.Debug|x64.Deploy.0 = Debug|x64
		{6C645E92-6BD6-4C0B-BE18-99A51EFFA362}.Debug|x86.ActiveCfg = Debug|x86
		{6C645E92-6BD6-4C0B-BE18-99A51EFFA362}.Debug|x86.Build.0 = Debug|x86
		{6C645E92-6BD6-4C0B-BE18-99A51EFFA362}.Debug|x86.Deploy.0 = Debug|x86
		{6C645E92-6BD6-4C0B-BE18-99A51EFFA362}.Release|Any CPU.ActiveCfg = Release|x86
		{6C645E92-6BD6-4C0B-BE18-99A51EFFA362}.Release|ARM.ActiveCfg = Release|ARM
		{6C645E92-6BD6-4C0B-BE18-99A51EFFA362}.Release|ARM.Build.0 = Release|ARM
		{6C645E92-6BD6-4C0B-BE18-99A51EFFA362}.Release|ARM.Deploy.0 = Release|ARM
		{6C645E92-6BD6-4C0B-BE18-99A51EFFA362}.Release|iPhone.ActiveCfg = Release|x86
		{6C645E92-6BD6-4C0B-BE18-99A51EFFA362}.Release|iPhoneSimulator.ActiveCfg = Release|x86
		{6C645E92-6BD6-4C0B-BE18-99A51EFFA362}.Release|x64.ActiveCfg = Release|x64
		{6C645E92-6BD6-4C0B-BE18-99A51EFFA362}.Release|x64.Build.0 = Release|x64
		{6C645E92-6BD6-4C0B-BE18-99A51EFFA362}.Release|x64.Deploy.0 = Release|x64
		{6C645E92-6BD6-4C0B-BE18-99A51EFFA362}.Release|x86.ActiveCfg = Release|x86
		{6C645E92-6BD6-4C0B-BE18-99A51EFFA362}.Release|x86.Build.0 = Release|x86
		{6C645E92-6BD6-4C0B-BE18-99A51EFFA362}.Release|x86.Deploy.0 = Release|x86
		{5D94C4CD-351C-4C86-9F74-F859F6F78D54}.Debug|Any CPU.ActiveCfg = Debug|Any CPU
		{5D94C4CD-351C-4C86-9F74-F859F6F78D54}.Debug|Any CPU.Build.0 = Debug|Any CPU
		{5D94C4CD-351C-4C86-9F74-F859F6F78D54}.Debug|Any CPU.Deploy.0 = Debug|Any CPU
		{5D94C4CD-351C-4C86-9F74-F859F6F78D54}.Debug|ARM.ActiveCfg = Debug|Any CPU
		{5D94C4CD-351C-4C86-9F74-F859F6F78D54}.Debug|ARM.Build.0 = Debug|Any CPU
		{5D94C4CD-351C-4C86-9F74-F859F6F78D54}.Debug|ARM.Deploy.0 = Debug|Any CPU
		{5D94C4CD-351C-4C86-9F74-F859F6F78D54}.Debug|iPhone.ActiveCfg = Debug|Any CPU
		{5D94C4CD-351C-4C86-9F74-F859F6F78D54}.Debug|iPhone.Build.0 = Debug|Any CPU
		{5D94C4CD-351C-4C86-9F74-F859F6F78D54}.Debug|iPhone.Deploy.0 = Debug|Any CPU
		{5D94C4CD-351C-4C86-9F74-F859F6F78D54}.Debug|iPhoneSimulator.ActiveCfg = Debug|Any CPU
		{5D94C4CD-351C-4C86-9F74-F859F6F78D54}.Debug|iPhoneSimulator.Build.0 = Debug|Any CPU
		{5D94C4CD-351C-4C86-9F74-F859F6F78D54}.Debug|iPhoneSimulator.Deploy.0 = Debug|Any CPU
		{5D94C4CD-351C-4C86-9F74-F859F6F78D54}.Debug|x64.ActiveCfg = Debug|Any CPU
		{5D94C4CD-351C-4C86-9F74-F859F6F78D54}.Debug|x64.Build.0 = Debug|Any CPU
		{5D94C4CD-351C-4C86-9F74-F859F6F78D54}.Debug|x64.Deploy.0 = Debug|Any CPU
		{5D94C4CD-351C-4C86-9F74-F859F6F78D54}.Debug|x86.ActiveCfg = Debug|Any CPU
		{5D94C4CD-351C-4C86-9F74-F859F6F78D54}.Debug|x86.Build.0 = Debug|Any CPU
		{5D94C4CD-351C-4C86-9F74-F859F6F78D54}.Debug|x86.Deploy.0 = Debug|Any CPU
		{5D94C4CD-351C-4C86-9F74-F859F6F78D54}.Release|Any CPU.ActiveCfg = Release|Any CPU
		{5D94C4CD-351C-4C86-9F74-F859F6F78D54}.Release|Any CPU.Build.0 = Release|Any CPU
		{5D94C4CD-351C-4C86-9F74-F859F6F78D54}.Release|Any CPU.Deploy.0 = Release|Any CPU
		{5D94C4CD-351C-4C86-9F74-F859F6F78D54}.Release|ARM.ActiveCfg = Release|Any CPU
		{5D94C4CD-351C-4C86-9F74-F859F6F78D54}.Release|ARM.Build.0 = Release|Any CPU
		{5D94C4CD-351C-4C86-9F74-F859F6F78D54}.Release|ARM.Deploy.0 = Release|Any CPU
		{5D94C4CD-351C-4C86-9F74-F859F6F78D54}.Release|iPhone.ActiveCfg = Release|Any CPU
		{5D94C4CD-351C-4C86-9F74-F859F6F78D54}.Release|iPhone.Build.0 = Release|Any CPU
		{5D94C4CD-351C-4C86-9F74-F859F6F78D54}.Release|iPhone.Deploy.0 = Release|Any CPU
		{5D94C4CD-351C-4C86-9F74-F859F6F78D54}.Release|iPhoneSimulator.ActiveCfg = Release|Any CPU
		{5D94C4CD-351C-4C86-9F74-F859F6F78D54}.Release|iPhoneSimulator.Build.0 = Release|Any CPU
		{5D94C4CD-351C-4C86-9F74-F859F6F78D54}.Release|iPhoneSimulator.Deploy.0 = Release|Any CPU
		{5D94C4CD-351C-4C86-9F74-F859F6F78D54}.Release|x64.ActiveCfg = Release|Any CPU
		{5D94C4CD-351C-4C86-9F74-F859F6F78D54}.Release|x64.Build.0 = Release|Any CPU
		{5D94C4CD-351C-4C86-9F74-F859F6F78D54}.Release|x64.Deploy.0 = Release|Any CPU
		{5D94C4CD-351C-4C86-9F74-F859F6F78D54}.Release|x86.ActiveCfg = Release|Any CPU
		{5D94C4CD-351C-4C86-9F74-F859F6F78D54}.Release|x86.Build.0 = Release|Any CPU
		{5D94C4CD-351C-4C86-9F74-F859F6F78D54}.Release|x86.Deploy.0 = Release|Any CPU
		{0DBC1E71-75D3-4DF2-BB12-8F625D3F2105}.Debug|Any CPU.ActiveCfg = Debug|iPhone
		{0DBC1E71-75D3-4DF2-BB12-8F625D3F2105}.Debug|ARM.ActiveCfg = Debug|iPhone
		{0DBC1E71-75D3-4DF2-BB12-8F625D3F2105}.Debug|iPhone.ActiveCfg = Debug|iPhone
		{0DBC1E71-75D3-4DF2-BB12-8F625D3F2105}.Debug|iPhone.Build.0 = Debug|iPhone
		{0DBC1E71-75D3-4DF2-BB12-8F625D3F2105}.Debug|iPhoneSimulator.ActiveCfg = Debug|iPhoneSimulator
		{0DBC1E71-75D3-4DF2-BB12-8F625D3F2105}.Debug|iPhoneSimulator.Build.0 = Debug|iPhoneSimulator
		{0DBC1E71-75D3-4DF2-BB12-8F625D3F2105}.Debug|x64.ActiveCfg = Debug|iPhone
		{0DBC1E71-75D3-4DF2-BB12-8F625D3F2105}.Debug|x86.ActiveCfg = Debug|iPhone
		{0DBC1E71-75D3-4DF2-BB12-8F625D3F2105}.Release|Any CPU.ActiveCfg = Release|iPhone
		{0DBC1E71-75D3-4DF2-BB12-8F625D3F2105}.Release|ARM.ActiveCfg = Release|iPhone
		{0DBC1E71-75D3-4DF2-BB12-8F625D3F2105}.Release|iPhone.ActiveCfg = Release|iPhone
		{0DBC1E71-75D3-4DF2-BB12-8F625D3F2105}.Release|iPhone.Build.0 = Release|iPhone
		{0DBC1E71-75D3-4DF2-BB12-8F625D3F2105}.Release|iPhoneSimulator.ActiveCfg = Release|iPhoneSimulator
		{0DBC1E71-75D3-4DF2-BB12-8F625D3F2105}.Release|iPhoneSimulator.Build.0 = Release|iPhoneSimulator
		{0DBC1E71-75D3-4DF2-BB12-8F625D3F2105}.Release|x64.ActiveCfg = Release|iPhone
		{0DBC1E71-75D3-4DF2-BB12-8F625D3F2105}.Release|x86.ActiveCfg = Release|iPhone
		{844F5C2D-1A6F-4B8E-96EE-915AEE379ACB}.Debug|Any CPU.ActiveCfg = Debug|Any CPU
		{844F5C2D-1A6F-4B8E-96EE-915AEE379ACB}.Debug|Any CPU.Build.0 = Debug|Any CPU
		{844F5C2D-1A6F-4B8E-96EE-915AEE379ACB}.Debug|ARM.ActiveCfg = Debug|Any CPU
		{844F5C2D-1A6F-4B8E-96EE-915AEE379ACB}.Debug|ARM.Build.0 = Debug|Any CPU
		{844F5C2D-1A6F-4B8E-96EE-915AEE379ACB}.Debug|iPhone.ActiveCfg = Debug|Any CPU
		{844F5C2D-1A6F-4B8E-96EE-915AEE379ACB}.Debug|iPhone.Build.0 = Debug|Any CPU
		{844F5C2D-1A6F-4B8E-96EE-915AEE379ACB}.Debug|iPhoneSimulator.ActiveCfg = Debug|Any CPU
		{844F5C2D-1A6F-4B8E-96EE-915AEE379ACB}.Debug|iPhoneSimulator.Build.0 = Debug|Any CPU
		{844F5C2D-1A6F-4B8E-96EE-915AEE379ACB}.Debug|x64.ActiveCfg = Debug|Any CPU
		{844F5C2D-1A6F-4B8E-96EE-915AEE379ACB}.Debug|x64.Build.0 = Debug|Any CPU
		{844F5C2D-1A6F-4B8E-96EE-915AEE379ACB}.Debug|x86.ActiveCfg = Debug|Any CPU
		{844F5C2D-1A6F-4B8E-96EE-915AEE379ACB}.Debug|x86.Build.0 = Debug|Any CPU
		{844F5C2D-1A6F-4B8E-96EE-915AEE379ACB}.Release|Any CPU.ActiveCfg = Release|Any CPU
		{844F5C2D-1A6F-4B8E-96EE-915AEE379ACB}.Release|Any CPU.Build.0 = Release|Any CPU
		{844F5C2D-1A6F-4B8E-96EE-915AEE379ACB}.Release|ARM.ActiveCfg = Release|Any CPU
		{844F5C2D-1A6F-4B8E-96EE-915AEE379ACB}.Release|ARM.Build.0 = Release|Any CPU
		{844F5C2D-1A6F-4B8E-96EE-915AEE379ACB}.Release|iPhone.ActiveCfg = Release|Any CPU
		{844F5C2D-1A6F-4B8E-96EE-915AEE379ACB}.Release|iPhone.Build.0 = Release|Any CPU
		{844F5C2D-1A6F-4B8E-96EE-915AEE379ACB}.Release|iPhoneSimulator.ActiveCfg = Release|Any CPU
		{844F5C2D-1A6F-4B8E-96EE-915AEE379ACB}.Release|iPhoneSimulator.Build.0 = Release|Any CPU
		{844F5C2D-1A6F-4B8E-96EE-915AEE379ACB}.Release|x64.ActiveCfg = Release|Any CPU
		{844F5C2D-1A6F-4B8E-96EE-915AEE379ACB}.Release|x64.Build.0 = Release|Any CPU
		{844F5C2D-1A6F-4B8E-96EE-915AEE379ACB}.Release|x86.ActiveCfg = Release|Any CPU
		{844F5C2D-1A6F-4B8E-96EE-915AEE379ACB}.Release|x86.Build.0 = Release|Any CPU
	EndGlobalSection
	GlobalSection(SolutionProperties) = preSolution
		HideSolutionNode = FALSE
	EndGlobalSection
	GlobalSection(NestedProjects) = preSolution
		{2A1D7B7B-2004-4CE2-B396-D6398C5301D9} = {84C9EABC-1F20-45EB-9762-5758B10AB383}
		{6C645E92-6BD6-4C0B-BE18-99A51EFFA362} = {8AA0CCA6-0B29-43BD-9E07-3F77A96111B7}
		{5D94C4CD-351C-4C86-9F74-F859F6F78D54} = {8AA0CCA6-0B29-43BD-9E07-3F77A96111B7}
		{0DBC1E71-75D3-4DF2-BB12-8F625D3F2105} = {8AA0CCA6-0B29-43BD-9E07-3F77A96111B7}
		{844F5C2D-1A6F-4B8E-96EE-915AEE379ACB} = {8AA0CCA6-0B29-43BD-9E07-3F77A96111B7}
	EndGlobalSection
	GlobalSection(ExtensibilityGlobals) = postSolution
		SolutionGuid = {42F168D4-DC83-40E0-A65F-7B6ABE1676C2}
	EndGlobalSection
EndGlobal
